// !$*UTF8*$!
{
	archiveVersion = 1;
	classes = {
	};
	objectVersion = 46;
	objects = {

/* Begin PBXBuildFile section */
		819812CB1BE0A96600F424E0 /* AppDelegate.swift in Sources */ = {isa = PBXBuildFile; fileRef = 819812CA1BE0A96600F424E0 /* AppDelegate.swift */; };
		819812CD1BE0A96600F424E0 /* MasterViewController.swift in Sources */ = {isa = PBXBuildFile; fileRef = 819812CC1BE0A96600F424E0 /* MasterViewController.swift */; };
		819812CF1BE0A96600F424E0 /* DetailViewController.swift in Sources */ = {isa = PBXBuildFile; fileRef = 819812CE1BE0A96600F424E0 /* DetailViewController.swift */; };
		819812D21BE0A96600F424E0 /* Main.storyboard in Resources */ = {isa = PBXBuildFile; fileRef = 819812D01BE0A96600F424E0 /* Main.storyboard */; };
		819812D41BE0A96600F424E0 /* Assets.xcassets in Resources */ = {isa = PBXBuildFile; fileRef = 819812D31BE0A96600F424E0 /* Assets.xcassets */; };
		819812D71BE0A96600F424E0 /* LaunchScreen.storyboard in Resources */ = {isa = PBXBuildFile; fileRef = 819812D51BE0A96600F424E0 /* LaunchScreen.storyboard */; };
		819812E21BE0A96700F424E0 /* testDataTests.swift in Sources */ = {isa = PBXBuildFile; fileRef = 819812E11BE0A96700F424E0 /* testDataTests.swift */; };
		819812ED1BE0A96700F424E0 /* testDataUITests.swift in Sources */ = {isa = PBXBuildFile; fileRef = 819812EC1BE0A96700F424E0 /* testDataUITests.swift */; };
/* End PBXBuildFile section */

/* Begin PBXContainerItemProxy section */
		819812DE1BE0A96700F424E0 /* PBXContainerItemProxy */ = {
			isa = PBXContainerItemProxy;
			containerPortal = 819812BF1BE0A96600F424E0 /* Project object */;
			proxyType = 1;
			remoteGlobalIDString = 819812C61BE0A96600F424E0;
			remoteInfo = testData;
		};
		819812E91BE0A96700F424E0 /* PBXContainerItemProxy */ = {
			isa = PBXContainerItemProxy;
			containerPortal = 819812BF1BE0A96600F424E0 /* Project object */;
			proxyType = 1;
			remoteGlobalIDString = 819812C61BE0A96600F424E0;
			remoteInfo = testData;
		};
/* End PBXContainerItemProxy section */

/* Begin PBXFileReference section */
		819812C71BE0A96600F424E0 /* testData.app */ = {isa = PBXFileReference; explicitFileType = wrapper.application; includeInIndex = 0; path = testData.app; sourceTree = BUILT_PRODUCTS_DIR; };
		819812CA1BE0A96600F424E0 /* AppDelegate.swift */ = {isa = PBXFileReference; lastKnownFileType = sourcecode.swift; path = AppDelegate.swift; sourceTree = "<group>"; };
		819812CC1BE0A96600F424E0 /* MasterViewController.swift */ = {isa = PBXFileReference; lastKnownFileType = sourcecode.swift; path = MasterViewController.swift; sourceTree = "<group>"; };
		819812CE1BE0A96600F424E0 /* DetailViewController.swift */ = {isa = PBXFileReference; lastKnownFileType = sourcecode.swift; path = DetailViewController.swift; sourceTree = "<group>"; };
		819812D11BE0A96600F424E0 /* Base */ = {isa = PBXFileReference; lastKnownFileType = file.storyboard; name = Base; path = Base.lproj/Main.storyboard; sourceTree = "<group>"; };
		819812D31BE0A96600F424E0 /* Assets.xcassets */ = {isa = PBXFileReference; lastKnownFileType = folder.assetcatalog; path = Assets.xcassets; sourceTree = "<group>"; };
		819812D61BE0A96600F424E0 /* Base */ = {isa = PBXFileReference; lastKnownFileType = file.storyboard; name = Base; path = Base.lproj/LaunchScreen.storyboard; sourceTree = "<group>"; };
		819812D81BE0A96600F424E0 /* Info.plist */ = {isa = PBXFileReference; lastKnownFileType = text.plist.xml; path = Info.plist; sourceTree = "<group>"; };
		819812DD1BE0A96700F424E0 /* testDataTests.xctest */ = {isa = PBXFileReference; explicitFileType = wrapper.cfbundle; includeInIndex = 0; path = testDataTests.xctest; sourceTree = BUILT_PRODUCTS_DIR; };
		819812E11BE0A96700F424E0 /* testDataTests.swift */ = {isa = PBXFileReference; lastKnownFileType = sourcecode.swift; path = testDataTests.swift; sourceTree = "<group>"; };
		819812E31BE0A96700F424E0 /* Info.plist */ = {isa = PBXFileReference; lastKnownFileType = text.plist.xml; path = Info.plist; sourceTree = "<group>"; };
		819812E81BE0A96700F424E0 /* testDataUITests.xctest */ = {isa = PBXFileReference; explicitFileType = wrapper.cfbundle; includeInIndex = 0; path = testDataUITests.xctest; sourceTree = BUILT_PRODUCTS_DIR; };
		819812EC1BE0A96700F424E0 /* testDataUITests.swift */ = {isa = PBXFileReference; lastKnownFileType = sourcecode.swift; path = testDataUITests.swift; sourceTree = "<group>"; };
		819812EE1BE0A96700F424E0 /* Info.plist */ = {isa = PBXFileReference; lastKnownFileType = text.plist.xml; path = Info.plist; sourceTree = "<group>"; };
/* End PBXFileReference section */

/* Begin PBXFrameworksBuildPhase section */
		819812C41BE0A96600F424E0 /* Frameworks */ = {
			isa = PBXFrameworksBuildPhase;
			buildActionMask = 2147483647;
			files = (
			);
			runOnlyForDeploymentPostprocessing = 0;
		};
		819812DA1BE0A96700F424E0 /* Frameworks */ = {
			isa = PBXFrameworksBuildPhase;
			buildActionMask = 2147483647;
			files = (
			);
			runOnlyForDeploymentPostprocessing = 0;
		};
		819812E51BE0A96700F424E0 /* Frameworks */ = {
			isa = PBXFrameworksBuildPhase;
			buildActionMask = 2147483647;
			files = (
			);
			runOnlyForDeploymentPostprocessing = 0;
		};
/* End PBXFrameworksBuildPhase section */

/* Begin PBXGroup section */
		819812BE1BE0A96600F424E0 = {
			isa = PBXGroup;
			children = (
				819812C91BE0A96600F424E0 /* testData */,
				819812E01BE0A96700F424E0 /* testDataTests */,
				819812EB1BE0A96700F424E0 /* testDataUITests */,
				819812C81BE0A96600F424E0 /* Products */,
			);
			sourceTree = "<group>";
		};
		819812C81BE0A96600F424E0 /* Products */ = {
			isa = PBXGroup;
			children = (
				819812C71BE0A96600F424E0 /* testData.app */,
				819812DD1BE0A96700F424E0 /* testDataTests.xctest */,
				819812E81BE0A96700F424E0 /* testDataUITests.xctest */,
			);
			name = Products;
			sourceTree = "<group>";
		};
		819812C91BE0A96600F424E0 /* testData */ = {
			isa = PBXGroup;
			children = (
				819812CA1BE0A96600F424E0 /* AppDelegate.swift */,
				819812CC1BE0A96600F424E0 /* MasterViewController.swift */,
				819812CE1BE0A96600F424E0 /* DetailViewController.swift */,
				819812D01BE0A96600F424E0 /* Main.storyboard */,
				819812D31BE0A96600F424E0 /* Assets.xcassets */,
				819812D51BE0A96600F424E0 /* LaunchScreen.storyboard */,
				819812D81BE0A96600F424E0 /* Info.plist */,
			);
			path = testData;
			sourceTree = "<group>";
		};
		819812E01BE0A96700F424E0 /* testDataTests */ = {
			isa = PBXGroup;
			children = (
				819812E11BE0A96700F424E0 /* testDataTests.swift */,
				819812E31BE0A96700F424E0 /* Info.plist */,
			);
			path = testDataTests;
			sourceTree = "<group>";
		};
		819812EB1BE0A96700F424E0 /* testDataUITests */ = {
			isa = PBXGroup;
			children = (
				819812EC1BE0A96700F424E0 /* testDataUITests.swift */,
				819812EE1BE0A96700F424E0 /* Info.plist */,
			);
			path = testDataUITests;
			sourceTree = "<group>";
		};
/* End PBXGroup section */

/* Begin PBXNativeTarget section */
		819812C61BE0A96600F424E0 /* testData */ = {
			isa = PBXNativeTarget;
			buildConfigurationList = 819812F11BE0A96700F424E0 /* Build configuration list for PBXNativeTarget "testData" */;
			buildPhases = (
				819812C31BE0A96600F424E0 /* Sources */,
				819812C41BE0A96600F424E0 /* Frameworks */,
				819812C51BE0A96600F424E0 /* Resources */,
			);
			buildRules = (
			);
			dependencies = (
			);
			name = testData;
			productName = testData;
			productReference = 819812C71BE0A96600F424E0 /* testData.app */;
			productType = "com.apple.product-type.application";
		};
		819812DC1BE0A96700F424E0 /* testDataTests */ = {
			isa = PBXNativeTarget;
			buildConfigurationList = 819812F41BE0A96700F424E0 /* Build configuration list for PBXNativeTarget "testDataTests" */;
			buildPhases = (
				819812D91BE0A96700F424E0 /* Sources */,
				819812DA1BE0A96700F424E0 /* Frameworks */,
				819812DB1BE0A96700F424E0 /* Resources */,
			);
			buildRules = (
			);
			dependencies = (
				819812DF1BE0A96700F424E0 /* PBXTargetDependency */,
			);
			name = testDataTests;
			productName = testDataTests;
			productReference = 819812DD1BE0A96700F424E0 /* testDataTests.xctest */;
			productType = "com.apple.product-type.bundle.unit-test";
		};
		819812E71BE0A96700F424E0 /* testDataUITests */ = {
			isa = PBXNativeTarget;
			buildConfigurationList = 819812F71BE0A96700F424E0 /* Build configuration list for PBXNativeTarget "testDataUITests" */;
			buildPhases = (
				819812E41BE0A96700F424E0 /* Sources */,
				819812E51BE0A96700F424E0 /* Frameworks */,
				819812E61BE0A96700F424E0 /* Resources */,
			);
			buildRules = (
			);
			dependencies = (
				819812EA1BE0A96700F424E0 /* PBXTargetDependency */,
			);
			name = testDataUITests;
			productName = testDataUITests;
			productReference = 819812E81BE0A96700F424E0 /* testDataUITests.xctest */;
			productType = "com.apple.product-type.bundle.ui-testing";
		};
/* End PBXNativeTarget section */

/* Begin PBXProject section */
		819812BF1BE0A96600F424E0 /* Project object */ = {
			isa = PBXProject;
			attributes = {
				LastSwiftUpdateCheck = 0710;
				LastUpgradeCheck = 0710;
				ORGANIZATIONNAME = youle;
				TargetAttributes = {
					819812C61BE0A96600F424E0 = {
						CreatedOnToolsVersion = 7.1;
					};
					819812DC1BE0A96700F424E0 = {
						CreatedOnToolsVersion = 7.1;
						TestTargetID = 819812C61BE0A96600F424E0;
					};
					819812E71BE0A96700F424E0 = {
						CreatedOnToolsVersion = 7.1;
						TestTargetID = 819812C61BE0A96600F424E0;
					};
				};
			};
			buildConfigurationList = 819812C21BE0A96600F424E0 /* Build configuration list for PBXProject "testData" */;
			compatibilityVersion = "Xcode 3.2";
			developmentRegion = English;
			hasScannedForEncodings = 0;
			knownRegions = (
				en,
				Base,
			);
			mainGroup = 819812BE1BE0A96600F424E0;
			productRefGroup = 819812C81BE0A96600F424E0 /* Products */;
			projectDirPath = "";
			projectRoot = "";
			targets = (
				819812C61BE0A96600F424E0 /* testData */,
				819812DC1BE0A96700F424E0 /* testDataTests */,
				819812E71BE0A96700F424E0 /* testDataUITests */,
			);
		};
/* End PBXProject section */

/* Begin PBXResourcesBuildPhase section */
		819812C51BE0A96600F424E0 /* Resources */ = {
			isa = PBXResourcesBuildPhase;
			buildActionMask = 2147483647;
			files = (
				819812D71BE0A96600F424E0 /* LaunchScreen.storyboard in Resources */,
				819812D41BE0A96600F424E0 /* Assets.xcassets in Resources */,
				819812D21BE0A96600F424E0 /* Main.storyboard in Resources */,
			);
			runOnlyForDeploymentPostprocessing = 0;
		};
		819812DB1BE0A96700F424E0 /* Resources */ = {
			isa = PBXResourcesBuildPhase;
			buildActionMask = 2147483647;
			files = (
			);
			runOnlyForDeploymentPostprocessing = 0;
		};
		819812E61BE0A96700F424E0 /* Resources */ = {
			isa = PBXResourcesBuildPhase;
			buildActionMask = 2147483647;
			files = (
			);
			runOnlyForDeploymentPostprocessing = 0;
		};
/* End PBXResourcesBuildPhase section */

/* Begin PBXSourcesBuildPhase section */
		819812C31BE0A96600F424E0 /* Sources */ = {
			isa = PBXSourcesBuildPhase;
			buildActionMask = 2147483647;
			files = (
				819812CF1BE0A96600F424E0 /* DetailViewController.swift in Sources */,
				819812CD1BE0A96600F424E0 /* MasterViewController.swift in Sources */,
				819812CB1BE0A96600F424E0 /* AppDelegate.swift in Sources */,
			);
			runOnlyForDeploymentPostprocessing = 0;
		};
		819812D91BE0A96700F424E0 /* Sources */ = {
			isa = PBXSourcesBuildPhase;
			buildActionMask = 2147483647;
			files = (
				819812E21BE0A96700F424E0 /* testDataTests.swift in Sources */,
			);
			runOnlyForDeploymentPostprocessing = 0;
		};
		819812E41BE0A96700F424E0 /* Sources */ = {
			isa = PBXSourcesBuildPhase;
			buildActionMask = 2147483647;
			files = (
				819812ED1BE0A96700F424E0 /* testDataUITests.swift in Sources */,
			);
			runOnlyForDeploymentPostprocessing = 0;
		};
/* End PBXSourcesBuildPhase section */

/* Begin PBXTargetDependency section */
		819812DF1BE0A96700F424E0 /* PBXTargetDependency */ = {
			isa = PBXTargetDependency;
			target = 819812C61BE0A96600F424E0 /* testData */;
			targetProxy = 819812DE1BE0A96700F424E0 /* PBXContainerItemProxy */;
		};
		819812EA1BE0A96700F424E0 /* PBXTargetDependency */ = {
			isa = PBXTargetDependency;
			target = 819812C61BE0A96600F424E0 /* testData */;
			targetProxy = 819812E91BE0A96700F424E0 /* PBXContainerItemProxy */;
		};
/* End PBXTargetDependency section */

/* Begin PBXVariantGroup section */
		819812D01BE0A96600F424E0 /* Main.storyboard */ = {
			isa = PBXVariantGroup;
			children = (
				819812D11BE0A96600F424E0 /* Base */,
			);
			name = Main.storyboard;
			sourceTree = "<group>";
		};
		819812D51BE0A96600F424E0 /* LaunchScreen.storyboard */ = {
			isa = PBXVariantGroup;
			children = (
				819812D61BE0A96600F424E0 /* Base */,
			);
			name = LaunchScreen.storyboard;
			sourceTree = "<group>";
		};
/* End PBXVariantGroup section */

/* Begin XCBuildConfiguration section */
		819812EF1BE0A96700F424E0 /* Debug */ = {
			isa = XCBuildConfiguration;
			buildSettings = {
				ALWAYS_SEARCH_USER_PATHS = NO;
				CLANG_CXX_LANGUAGE_STANDARD = "gnu++0x";
				CLANG_CXX_LIBRARY = "libc++";
				CLANG_ENABLE_MODULES = YES;
				CLANG_ENABLE_OBJC_ARC = YES;
				CLANG_WARN_BOOL_CONVERSION = YES;
				CLANG_WARN_CONSTANT_CONVERSION = YES;
				CLANG_WARN_DIRECT_OBJC_ISA_USAGE = YES_ERROR;
				CLANG_WARN_EMPTY_BODY = YES;
				CLANG_WARN_ENUM_CONVERSION = YES;
				CLANG_WARN_INT_CONVERSION = YES;
				CLANG_WARN_OBJC_ROOT_CLASS = YES_ERROR;
				CLANG_WARN_UNREACHABLE_CODE = YES;
				CLANG_WARN__DUPLICATE_METHOD_MATCH = YES;
				"CODE_SIGN_IDENTITY[sdk=iphoneos*]" = "iPhone Developer";
				COPY_PHASE_STRIP = NO;
				DEBUG_INFORMATION_FORMAT = dwarf;
				ENABLE_STRICT_OBJC_MSGSEND = YES;
				ENABLE_TESTABILITY = YES;
				GCC_C_LANGUAGE_STANDARD = gnu99;
				GCC_DYNAMIC_NO_PIC = NO;
				GCC_NO_COMMON_BLOCKS = YES;
				GCC_OPTIMIZATION_LEVEL = 0;
				GCC_PREPROCESSOR_DEFINITIONS = (
					"DEBUG=1",
					"$(inherited)",
				);
				GCC_WARN_64_TO_32_BIT_CONVERSION = YES;
				GCC_WARN_ABOUT_RETURN_TYPE = YES_ERROR;
				GCC_WARN_UNDECLARED_SELECTOR = YES;
				GCC_WARN_UNINITIALIZED_AUTOS = YES_AGGRESSIVE;
				GCC_WARN_UNUSED_FUNCTION = YES;
				GCC_WARN_UNUSED_VARIABLE = YES;
				IPHONEOS_DEPLOYMENT_TARGET = 9.1;
				MTL_ENABLE_DEBUG_INFO = YES;
				ONLY_ACTIVE_ARCH = YES;
				SDKROOT = iphoneos;
				SWIFT_OPTIMIZATION_LEVEL = "-Onone";
			};
			name = Debug;
		};
		819812F01BE0A96700F424E0 /* Release */ = {
			isa = XCBuildConfiguration;
			buildSettings = {
				ALWAYS_SEARCH_USER_PATHS = NO;
				CLANG_CXX_LANGUAGE_STANDARD = "gnu++0x";
				CLANG_CXX_LIBRARY = "libc++";
				CLANG_ENABLE_MODULES = YES;
				CLANG_ENABLE_OBJC_ARC = YES;
				CLANG_WARN_BOOL_CONVERSION = YES;
				CLANG_WARN_CONSTANT_CONVERSION = YES;
				CLANG_WARN_DIRECT_OBJC_ISA_USAGE = YES_ERROR;
				CLANG_WARN_EMPTY_BODY = YES;
				CLANG_WARN_ENUM_CONVERSION = YES;
				CLANG_WARN_INT_CONVERSION = YES;
				CLANG_WARN_OBJC_ROOT_CLASS = YES_ERROR;
				CLANG_WARN_UNREACHABLE_CODE = YES;
				CLANG_WARN__DUPLICATE_METHOD_MATCH = YES;
				"CODE_SIGN_IDENTITY[sdk=iphoneos*]" = "iPhone Developer";
				COPY_PHASE_STRIP = NO;
				DEBUG_INFORMATION_FORMAT = "dwarf-with-dsym";
				ENABLE_NS_ASSERTIONS = NO;
				ENABLE_STRICT_OBJC_MSGSEND = YES;
				GCC_C_LANGUAGE_STANDARD = gnu99;
				GCC_NO_COMMON_BLOCKS = YES;
				GCC_WARN_64_TO_32_BIT_CONVERSION = YES;
				GCC_WARN_ABOUT_RETURN_TYPE = YES_ERROR;
				GCC_WARN_UNDECLARED_SELECTOR = YES;
				GCC_WARN_UNINITIALIZED_AUTOS = YES_AGGRESSIVE;
				GCC_WARN_UNUSED_FUNCTION = YES;
				GCC_WARN_UNUSED_VARIABLE = YES;
				IPHONEOS_DEPLOYMENT_TARGET = 9.1;
				MTL_ENABLE_DEBUG_INFO = NO;
				SDKROOT = iphoneos;
				VALIDATE_PRODUCT = YES;
			};
			name = Release;
		};
		819812F21BE0A96700F424E0 /* Debug */ = {
			isa = XCBuildConfiguration;
			buildSettings = {
				ASSETCATALOG_COMPILER_APPICON_NAME = AppIcon;
				INFOPLIST_FILE = testData/Info.plist;
				LD_RUNPATH_SEARCH_PATHS = "$(inherited) @executable_path/Frameworks";
				PRODUCT_BUNDLE_IDENTIFIER = youle.testData;
				PRODUCT_NAME = "$(TARGET_NAME)";
			};
			name = Debug;
		};
		819812F31BE0A96700F424E0 /* Release */ = {
			isa = XCBuildConfiguration;
			buildSettings = {
				ASSETCATALOG_COMPILER_APPICON_NAME = AppIcon;
				INFOPLIST_FILE = testData/Info.plist;
				LD_RUNPATH_SEARCH_PATHS = "$(inherited) @executable_path/Frameworks";
				PRODUCT_BUNDLE_IDENTIFIER = youle.testData;
				PRODUCT_NAME = "$(TARGET_NAME)";
			};
			name = Release;
		};
		819812F51BE0A96700F424E0 /* Debug */ = {
			isa = XCBuildConfiguration;
			buildSettings = {
				BUNDLE_LOADER = "$(TEST_HOST)";
				INFOPLIST_FILE = testDataTests/Info.plist;
				LD_RUNPATH_SEARCH_PATHS = "$(inherited) @executable_path/Frameworks @loader_path/Frameworks";
				PRODUCT_BUNDLE_IDENTIFIER = youle.testDataTests;
				PRODUCT_NAME = "$(TARGET_NAME)";
				TEST_HOST = "$(BUILT_PRODUCTS_DIR)/testData.app/testData";
			};
			name = Debug;
		};
		819812F61BE0A96700F424E0 /* Release */ = {
			isa = XCBuildConfiguration;
			buildSettings = {
				BUNDLE_LOADER = "$(TEST_HOST)";
				INFOPLIST_FILE = testDataTests/Info.plist;
				LD_RUNPATH_SEARCH_PATHS = "$(inherited) @executable_path/Frameworks @loader_path/Frameworks";
				PRODUCT_BUNDLE_IDENTIFIER = youle.testDataTests;
				PRODUCT_NAME = "$(TARGET_NAME)";
				TEST_HOST = "$(BUILT_PRODUCTS_DIR)/testData.app/testData";
			};
			name = Release;
		};
		819812F81BE0A96700F424E0 /* Debug */ = {
			isa = XCBuildConfiguration;
			buildSettings = {
				INFOPLIST_FILE = testDataUITests/Info.plist;
				LD_RUNPATH_SEARCH_PATHS = "$(inherited) @executable_path/Frameworks @loader_path/Frameworks";
				PRODUCT_BUNDLE_IDENTIFIER = youle.testDataUITests;
				PRODUCT_NAME = "$(TARGET_NAME)";
				TEST_TARGET_NAME = testData;
				USES_XCTRUNNER = YES;
			};
			name = Debug;
		};
		819812F91BE0A96700F424E0 /* Release */ = {
			isa = XCBuildConfiguration;
			buildSettings = {
				INFOPLIST_FILE = testDataUITests/Info.plist;
				LD_RUNPATH_SEARCH_PATHS = "$(inherited) @executable_path/Frameworks @loader_path/Frameworks";
				PRODUCT_BUNDLE_IDENTIFIER = youle.testDataUITests;
				PRODUCT_NAME = "$(TARGET_NAME)";
				TEST_TARGET_NAME = testData;
				USES_XCTRUNNER = YES;
			};
			name = Release;
		};
/* End XCBuildConfiguration section */

/* Begin XCConfigurationList section */
		819812C21BE0A96600F424E0 /* Build configuration list for PBXProject "testData" */ = {
			isa = XCConfigurationList;
			buildConfigurations = (
				819812EF1BE0A96700F424E0 /* Debug */,
				819812F01BE0A96700F424E0 /* Release */,
			);
			defaultConfigurationIsVisible = 0;
			defaultConfigurationName = Release;
		};
		819812F11BE0A96700F424E0 /* Build configuration list for PBXNativeTarget "testData" */ = {
			isa = XCConfigurationList;
			buildConfigurations = (
				819812F21BE0A96700F424E0 /* Debug */,
				819812F31BE0A96700F424E0 /* Release */,
			);
			defaultConfigurationIsVisible = 0;
		};
		819812F41BE0A96700F424E0 /* Build configuration list for PBXNativeTarget "testDataTests" */ = {
			isa = XCConfigurationList;
			buildConfigurations = (
				819812F51BE0A96700F424E0 /* Debug */,
				819812F61BE0A96700F424E0 /* Release */,
			);
			defaultConfigurationIsVisible = 0;
		};
		819812F71BE0A96700F424E0 /* Build configuration list for PBXNativeTarget "testDataUITests" */ = {
			isa = XCConfigurationList;
			buildConfigurations = (
				819812F81BE0A96700F424E0 /* Debug */,
				819812F91BE0A96700F424E0 /* Release */,
			);
			defaultConfigurationIsVisible = 0;
		};
/* End XCConfigurationList section */
	};
	rootObject = 819812BF1BE0A96600F424E0 /* Project object */;
}
